
Microsoft Visual Studio Solution File, Format Version 12.00
# Visual Studio Version 17
VisualStudioVersion = 17.6.33815.320
MinimumVisualStudioVersion = 10.0.40219.1
Project("{FAE04EC0-301F-11D3-BF4B-00C04F79EFBC}") = "day4Exercise1", "day4Exercise1\day4Exercise1.csproj", "{93D4B72D-C8E2-4422-8E26-D46DC83912C0}"
EndProject
Global
	GlobalSection(SolutionConfigurationPlatforms) = preSolution
		Debug|Any CPU = Debug|Any CPU
		Release|Any CPU = Release|Any CPU
	EndGlobalSection
	GlobalSection(ProjectConfigurationPlatforms) = postSolution
		{93D4B72D-C8E2-4422-8E26-D46DC83912C0}.Debug|Any CPU.ActiveCfg = Debug|Any CPU
		{93D4B72D-C8E2-4422-8E26-D46DC83912C0}.Debug|Any CPU.Build.0 = Debug|Any CPU
		{93D4B72D-C8E2-4422-8E26-D46DC83912C0}.Release|Any CPU.ActiveCfg = Release|Any CPU
		{93D4B72D-C8E2-4422-8E26-D46DC83912C0}.Release|Any CPU.Build.0 = Release|Any CPU
	EndGlobalSection
	GlobalSection(SolutionProperties) = preSolution
		HideSolutionNode = FALSE
	EndGlobalSection
	GlobalSection(ExtensibilityGlobals) = postSolution
		SolutionGuid = {74ABC38D-5484-422C-8687-8F0E4117CC54}
	EndGlobalSection
EndGlobal
